
Microsoft Visual Studio Solution File, Format Version 12.00
# Visual Studio Version 17
VisualStudioVersion = 17.14.36616.10
MinimumVisualStudioVersion = 10.0.40219.1
Project("{FAE04EC0-301F-11D3-BF4B-00C04F79EFBC}") = "FileTransferTool", "FileTransferTool.csproj", "{FD43E92E-C94E-42C3-B7CB-C0E4EF247080}"
EndProject
Project("{FAE04EC0-301F-11D3-BF4B-00C04F79EFBC}") = "FileTransferTool.Tests", "..\FileTransferTool.Tests\FileTransferTool.Tests.csproj", "{DB0BCF05-C663-4099-A649-F47BE7F79A7E}"
EndProject
Global
	GlobalSection(SolutionConfigurationPlatforms) = preSolution
		Debug|Any CPU = Debug|Any CPU
		Debug|x64 = Debug|x64
		Debug|x86 = Debug|x86
		Release|Any CPU = Release|Any CPU
		Release|x64 = Release|x64
		Release|x86 = Release|x86
	EndGlobalSection
	GlobalSection(ProjectConfigurationPlatforms) = postSolution
		{FD43E92E-C94E-42C3-B7CB-C0E4EF247080}.Debug|Any CPU.ActiveCfg = Debug|Any CPU
		{FD43E92E-C94E-42C3-B7CB-C0E4EF247080}.Debug|Any CPU.Build.0 = Debug|Any CPU
		{FD43E92E-C94E-42C3-B7CB-C0E4EF247080}.Debug|x64.ActiveCfg = Debug|Any CPU
		{FD43E92E-C94E-42C3-B7CB-C0E4EF247080}.Debug|x64.Build.0 = Debug|Any CPU
		{FD43E92E-C94E-42C3-B7CB-C0E4EF247080}.Debug|x86.ActiveCfg = Debug|Any CPU
		{FD43E92E-C94E-42C3-B7CB-C0E4EF247080}.Debug|x86.Build.0 = Debug|Any CPU
		{FD43E92E-C94E-42C3-B7CB-C0E4EF247080}.Release|Any CPU.ActiveCfg = Release|Any CPU
		{FD43E92E-C94E-42C3-B7CB-C0E4EF247080}.Release|Any CPU.Build.0 = Release|Any CPU
		{FD43E92E-C94E-42C3-B7CB-C0E4EF247080}.Release|x64.ActiveCfg = Release|Any CPU
		{FD43E92E-C94E-42C3-B7CB-C0E4EF247080}.Release|x64.Build.0 = Release|Any CPU
		{FD43E92E-C94E-42C3-B7CB-C0E4EF247080}.Release|x86.ActiveCfg = Release|Any CPU
		{FD43E92E-C94E-42C3-B7CB-C0E4EF247080}.Release|x86.Build.0 = Release|Any CPU
		{DB0BCF05-C663-4099-A649-F47BE7F79A7E}.Debug|Any CPU.ActiveCfg = Debug|Any CPU
		{DB0BCF05-C663-4099-A649-F47BE7F79A7E}.Debug|Any CPU.Build.0 = Debug|Any CPU
		{DB0BCF05-C663-4099-A649-F47BE7F79A7E}.Debug|x64.ActiveCfg = Debug|Any CPU
		{DB0BCF05-C663-4099-A649-F47BE7F79A7E}.Debug|x64.Build.0 = Debug|Any CPU
		{DB0BCF05-C663-4099-A649-F47BE7F79A7E}.Debug|x86.ActiveCfg = Debug|Any CPU
		{DB0BCF05-C663-4099-A649-F47BE7F79A7E}.Debug|x86.Build.0 = Debug|Any CPU
		{DB0BCF05-C663-4099-A649-F47BE7F79A7E}.Release|Any CPU.ActiveCfg = Release|Any CPU
		{DB0BCF05-C663-4099-A649-F47BE7F79A7E}.Release|Any CPU.Build.0 = Release|Any CPU
		{DB0BCF05-C663-4099-A649-F47BE7F79A7E}.Release|x64.ActiveCfg = Release|Any CPU
		{DB0BCF05-C663-4099-A649-F47BE7F79A7E}.Release|x64.Build.0 = Release|Any CPU
		{DB0BCF05-C663-4099-A649-F47BE7F79A7E}.Release|x86.ActiveCfg = Release|Any CPU
		{DB0BCF05-C663-4099-A649-F47BE7F79A7E}.Release|x86.Build.0 = Release|Any CPU
	EndGlobalSection
	GlobalSection(SolutionProperties) = preSolution
		HideSolutionNode = FALSE
	EndGlobalSection
	GlobalSection(ExtensibilityGlobals) = postSolution
		SolutionGuid = {BBB7B10E-0CB7-455D-B6E0-99775CD7D899}
	EndGlobalSection
EndGlobal
